// !$*UTF8*$!
{
	archiveVersion = 1;
	classes = {
	};
	objectVersion = 48;
	objects = {

/* Begin PBXBuildFile section */
		A8FEF8891FC95011003E5828 /* AppDelegate.swift in Sources */ = {isa = PBXBuildFile; fileRef = A8FEF8881FC95011003E5828 /* AppDelegate.swift */; };
		A8FEF88B1FC95011003E5828 /* ViewController.swift in Sources */ = {isa = PBXBuildFile; fileRef = A8FEF88A1FC95011003E5828 /* ViewController.swift */; };
		A8FEF88E1FC95011003E5828 /* Main.storyboard in Resources */ = {isa = PBXBuildFile; fileRef = A8FEF88C1FC95011003E5828 /* Main.storyboard */; };
		A8FEF8901FC95011003E5828 /* Assets.xcassets in Resources */ = {isa = PBXBuildFile; fileRef = A8FEF88F1FC95011003E5828 /* Assets.xcassets */; };
		A8FEF8931FC95011003E5828 /* LaunchScreen.storyboard in Resources */ = {isa = PBXBuildFile; fileRef = A8FEF8911FC95011003E5828 /* LaunchScreen.storyboard */; };
		B4F8C1ED0C8902CE8F80B634 /* Pods_NotUrgent.framework in Frameworks */ = {isa = PBXBuildFile; fileRef = 50FC067B37E6CD35AE8993E1 /* Pods_NotUrgent.framework */; };
/* End PBXBuildFile section */

/* Begin PBXFileReference section */
		09D8F9D11731D7B69B6998DD /* Pods-NotUrgent.debug.xcconfig */ = {isa = PBXFileReference; includeInIndex = 1; lastKnownFileType = text.xcconfig; name = "Pods-NotUrgent.debug.xcconfig"; path = "Pods/Target Support Files/Pods-NotUrgent/Pods-NotUrgent.debug.xcconfig"; sourceTree = "<group>"; };
		16B6D9CEC1626FFB501D0CFF /* Pods-NotUrgent.release.xcconfig */ = {isa = PBXFileReference; includeInIndex = 1; lastKnownFileType = text.xcconfig; name = "Pods-NotUrgent.release.xcconfig"; path = "Pods/Target Support Files/Pods-NotUrgent/Pods-NotUrgent.release.xcconfig"; sourceTree = "<group>"; };
		50FC067B37E6CD35AE8993E1 /* Pods_NotUrgent.framework */ = {isa = PBXFileReference; explicitFileType = wrapper.framework; includeInIndex = 0; path = Pods_NotUrgent.framework; sourceTree = BUILT_PRODUCTS_DIR; };
		A8FEF8851FC95011003E5828 /* NotUrgent.app */ = {isa = PBXFileReference; explicitFileType = wrapper.application; includeInIndex = 0; path = NotUrgent.app; sourceTree = BUILT_PRODUCTS_DIR; };
		A8FEF8881FC95011003E5828 /* AppDelegate.swift */ = {isa = PBXFileReference; lastKnownFileType = sourcecode.swift; path = AppDelegate.swift; sourceTree = "<group>"; };
		A8FEF88A1FC95011003E5828 /* ViewController.swift */ = {isa = PBXFileReference; lastKnownFileType = sourcecode.swift; path = ViewController.swift; sourceTree = "<group>"; };
		A8FEF88D1FC95011003E5828 /* Base */ = {isa = PBXFileReference; lastKnownFileType = file.storyboard; name = Base; path = Base.lproj/Main.storyboard; sourceTree = "<group>"; };
		A8FEF88F1FC95011003E5828 /* Assets.xcassets */ = {isa = PBXFileReference; lastKnownFileType = folder.assetcatalog; path = Assets.xcassets; sourceTree = "<group>"; };
		A8FEF8921FC95011003E5828 /* Base */ = {isa = PBXFileReference; lastKnownFileType = file.storyboard; name = Base; path = Base.lproj/LaunchScreen.storyboard; sourceTree = "<group>"; };
		A8FEF8941FC95011003E5828 /* Info.plist */ = {isa = PBXFileReference; lastKnownFileType = text.plist.xml; path = Info.plist; sourceTree = "<group>"; };
/* End PBXFileReference section */

/* Begin PBXFrameworksBuildPhase section */
		A8FEF8821FC95011003E5828 /* Frameworks */ = {
			isa = PBXFrameworksBuildPhase;
			buildActionMask = 2147483647;
			files = (
				B4F8C1ED0C8902CE8F80B634 /* Pods_NotUrgent.framework in Frameworks */,
			);
			runOnlyForDeploymentPostprocessing = 0;
		};
/* End PBXFrameworksBuildPhase section */

/* Begin PBXGroup section */
		A4C3BD6A628ADD4E1C7E115B /* Pods */ = {
			isa = PBXGroup;
			children = (
				09D8F9D11731D7B69B6998DD /* Pods-NotUrgent.debug.xcconfig */,
				16B6D9CEC1626FFB501D0CFF /* Pods-NotUrgent.release.xcconfig */,
			);
			name = Pods;
			sourceTree = "<group>";
		};
		A8FEF87C1FC95011003E5828 = {
			isa = PBXGroup;
			children = (
				A8FEF8871FC95011003E5828 /* NotUrgent */,
				A8FEF8861FC95011003E5828 /* Products */,
				A4C3BD6A628ADD4E1C7E115B /* Pods */,
				B852A7AEDCA69108AE1B27A4 /* Frameworks */,
			);
			sourceTree = "<group>";
		};
		A8FEF8861FC95011003E5828 /* Products */ = {
			isa = PBXGroup;
			children = (
				A8FEF8851FC95011003E5828 /* NotUrgent.app */,
			);
			name = Products;
			sourceTree = "<group>";
		};
		A8FEF8871FC95011003E5828 /* NotUrgent */ = {
			isa = PBXGroup;
			children = (
				A8FEF8881FC95011003E5828 /* AppDelegate.swift */,
				A8FEF88A1FC95011003E5828 /* ViewController.swift */,
				A8FEF88C1FC95011003E5828 /* Main.storyboard */,
				A8FEF88F1FC95011003E5828 /* Assets.xcassets */,
				A8FEF8911FC95011003E5828 /* LaunchScreen.storyboard */,
				A8FEF8941FC95011003E5828 /* Info.plist */,
			);
			path = NotUrgent;
			sourceTree = "<group>";
		};
		B852A7AEDCA69108AE1B27A4 /* Frameworks */ = {
			isa = PBXGroup;
			children = (
				50FC067B37E6CD35AE8993E1 /* Pods_NotUrgent.framework */,
			);
			name = Frameworks;
			sourceTree = "<group>";
		};
/* End PBXGroup section */

/* Begin PBXNativeTarget section */
		A8FEF8841FC95011003E5828 /* NotUrgent */ = {
			isa = PBXNativeTarget;
			buildConfigurationList = A8FEF8971FC95011003E5828 /* Build configuration list for PBXNativeTarget "NotUrgent" */;
			buildPhases = (
				9A179851502F75EB85C6EF70 /* [CP] Check Pods Manifest.lock */,
				A8FEF8811FC95011003E5828 /* Sources */,
				A8FEF8821FC95011003E5828 /* Frameworks */,
				A8FEF8831FC95011003E5828 /* Resources */,
				795C72ADE2563A2E902492C5 /* [CP] Embed Pods Frameworks */,
				5B4F1413A4965A82ECAB6387 /* [CP] Copy Pods Resources */,
			);
			buildRules = (
			);
			dependencies = (
			);
			name = NotUrgent;
			productName = NotUrgent;
			productReference = A8FEF8851FC95011003E5828 /* NotUrgent.app */;
			productType = "com.apple.product-type.application";
		};
/* End PBXNativeTarget section */

/* Begin PBXProject section */
		A8FEF87D1FC95011003E5828 /* Project object */ = {
			isa = PBXProject;
			attributes = {
				LastSwiftUpdateCheck = 0910;
				LastUpgradeCheck = 0910;
				ORGANIZATIONNAME = "Yaxin Yuan";
				TargetAttributes = {
					A8FEF8841FC95011003E5828 = {
						CreatedOnToolsVersion = 9.1;
						ProvisioningStyle = Automatic;
					};
				};
			};
			buildConfigurationList = A8FEF8801FC95011003E5828 /* Build configuration list for PBXProject "NotUrgent" */;
			compatibilityVersion = "Xcode 8.0";
			developmentRegion = en;
			hasScannedForEncodings = 0;
			knownRegions = (
				en,
				Base,
			);
			mainGroup = A8FEF87C1FC95011003E5828;
			productRefGroup = A8FEF8861FC95011003E5828 /* Products */;
			projectDirPath = "";
			projectRoot = "";
			targets = (
				A8FEF8841FC95011003E5828 /* NotUrgent */,
			);
		};
/* End PBXProject section */

/* Begin PBXResourcesBuildPhase section */
		A8FEF8831FC95011003E5828 /* Resources */ = {
			isa = PBXResourcesBuildPhase;
			buildActionMask = 2147483647;
			files = (
				A8FEF8931FC95011003E5828 /* LaunchScreen.storyboard in Resources */,
				A8FEF8901FC95011003E5828 /* Assets.xcassets in Resources */,
				A8FEF88E1FC95011003E5828 /* Main.storyboard in Resources */,
			);
			runOnlyForDeploymentPostprocessing = 0;
		};
/* End PBXResourcesBuildPhase section */

/* Begin PBXShellScriptBuildPhase section */
		5B4F1413A4965A82ECAB6387 /* [CP] Copy Pods Resources */ = {
			isa = PBXShellScriptBuildPhase;
			buildActionMask = 2147483647;
			files = (
			);
			inputPaths = (
			);
			name = "[CP] Copy Pods Resources";
			outputPaths = (
			);
			runOnlyForDeploymentPostprocessing = 0;
			shellPath = /bin/sh;
			shellScript = "\"${SRCROOT}/Pods/Target Support Files/Pods-NotUrgent/Pods-NotUrgent-resources.sh\"\n";
			showEnvVarsInLog = 0;
		};
		795C72ADE2563A2E902492C5 /* [CP] Embed Pods Frameworks */ = {
			isa = PBXShellScriptBuildPhase;
			buildActionMask = 2147483647;
			files = (
			);
			inputPaths = (
				"${SRCROOT}/Pods/Target Support Files/Pods-NotUrgent/Pods-NotUrgent-frameworks.sh",
				"${BUILT_PRODUCTS_DIR}/RxCocoa/RxCocoa.framework",
				"${BUILT_PRODUCTS_DIR}/RxSwift/RxSwift.framework",
			);
			name = "[CP] Embed Pods Frameworks";
			outputPaths = (
				"${TARGET_BUILD_DIR}/${FRAMEWORKS_FOLDER_PATH}/RxCocoa.framework",
				"${TARGET_BUILD_DIR}/${FRAMEWORKS_FOLDER_PATH}/RxSwift.framework",
			);
			runOnlyForDeploymentPostprocessing = 0;
			shellPath = /bin/sh;
			shellScript = "\"${SRCROOT}/Pods/Target Support Files/Pods-NotUrgent/Pods-NotUrgent-frameworks.sh\"\n";
			showEnvVarsInLog = 0;
		};
		9A179851502F75EB85C6EF70 /* [CP] Check Pods Manifest.lock */ = {
			isa = PBXShellScriptBuildPhase;
			buildActionMask = 2147483647;
			files = (
			);
			inputPaths = (
				"${PODS_PODFILE_DIR_PATH}/Podfile.lock",
				"${PODS_ROOT}/Manifest.lock",
			);
			name = "[CP] Check Pods Manifest.lock";
			outputPaths = (
				"$(DERIVED_FILE_DIR)/Pods-NotUrgent-checkManifestLockResult.txt",
			);
			runOnlyForDeploymentPostprocessing = 0;
			shellPath = /bin/sh;
			shellScript = "diff \"${PODS_PODFILE_DIR_PATH}/Podfile.lock\" \"${PODS_ROOT}/Manifest.lock\" > /dev/null\nif [ $? != 0 ] ; then\n    # print error to STDERR\n    echo \"error: The sandbox is not in sync with the Podfile.lock. Run 'pod install' or update your CocoaPods installation.\" >&2\n    exit 1\nfi\n# This output is used by Xcode 'outputs' to avoid re-running this script phase.\necho \"SUCCESS\" > \"${SCRIPT_OUTPUT_FILE_0}\"\n";
			showEnvVarsInLog = 0;
		};
/* End PBXShellScriptBuildPhase section */

/* Begin PBXSourcesBuildPhase section */
		A8FEF8811FC95011003E5828 /* Sources */ = {
			isa = PBXSourcesBuildPhase;
			buildActionMask = 2147483647;
			files = (
				A8FEF88B1FC95011003E5828 /* ViewController.swift in Sources */,
				A8FEF8891FC95011003E5828 /* AppDelegate.swift in Sources */,
			);
			runOnlyForDeploymentPostprocessing = 0;
		};
/* End PBXSourcesBuildPhase section */

/* Begin PBXVariantGroup section */
		A8FEF88C1FC95011003E5828 /* Main.storyboard */ = {
			isa = PBXVariantGroup;
			children = (
				A8FEF88D1FC95011003E5828 /* Base */,
			);
			name = Main.storyboard;
			sourceTree = "<group>";
		};
		A8FEF8911FC95011003E5828 /* LaunchScreen.storyboard */ = {
			isa = PBXVariantGroup;
			children = (
				A8FEF8921FC95011003E5828 /* Base */,
			);
			name = LaunchScreen.storyboard;
			sourceTree = "<group>";
		};
/* End PBXVariantGroup section */

/* Begin XCBuildConfiguration section */
		A8FEF8951FC95011003E5828 /* Debug */ = {
			isa = XCBuildConfiguration;
			buildSettings = {
				ALWAYS_SEARCH_USER_PATHS = NO;
				CLANG_ANALYZER_NONNULL = YES;
				CLANG_ANALYZER_NUMBER_OBJECT_CONVERSION = YES_AGGRESSIVE;
				CLANG_CXX_LANGUAGE_STANDARD = "gnu++14";
				CLANG_CXX_LIBRARY = "libc++";
				CLANG_ENABLE_MODULES = YES;
				CLANG_ENABLE_OBJC_ARC = YES;
				CLANG_WARN_BLOCK_CAPTURE_AUTORELEASING = YES;
				CLANG_WARN_BOOL_CONVERSION = YES;
				CLANG_WARN_COMMA = YES;
				CLANG_WARN_CONSTANT_CONVERSION = YES;
				CLANG_WARN_DIRECT_OBJC_ISA_USAGE = YES_ERROR;
				CLANG_WARN_DOCUMENTATION_COMMENTS = YES;
				CLANG_WARN_EMPTY_BODY = YES;
				CLANG_WARN_ENUM_CONVERSION = YES;
				CLANG_WARN_INFINITE_RECURSION = YES;
				CLANG_WARN_INT_CONVERSION = YES;
				CLANG_WARN_NON_LITERAL_NULL_CONVERSION = YES;
				CLANG_WARN_OBJC_LITERAL_CONVERSION = YES;
				CLANG_WARN_OBJC_ROOT_CLASS = YES_ERROR;
				CLANG_WARN_RANGE_LOOP_ANALYSIS = YES;
				CLANG_WARN_STRICT_PROTOTYPES = YES;
				CLANG_WARN_SUSPICIOUS_MOVE = YES;
				CLANG_WARN_UNGUARDED_AVAILABILITY = YES_AGGRESSIVE;
				CLANG_WARN_UNREACHABLE_CODE = YES;
				CLANG_WARN__DUPLICATE_METHOD_MATCH = YES;
				CODE_SIGN_IDENTITY = "iPhone Developer";
				COPY_PHASE_STRIP = NO;
				DEBUG_INFORMATION_FORMAT = dwarf;
				ENABLE_STRICT_OBJC_MSGSEND = YES;
				ENABLE_TESTABILITY = YES;
				GCC_C_LANGUAGE_STANDARD = gnu11;
				GCC_DYNAMIC_NO_PIC = NO;
				GCC_NO_COMMON_BLOCKS = YES;
				GCC_OPTIMIZATION_LEVEL = 0;
				GCC_PREPROCESSOR_DEFINITIONS = (
					"DEBUG=1",
					"$(inherited)",
				);
				GCC_WARN_64_TO_32_BIT_CONVERSION = YES;
				GCC_WARN_ABOUT_RETURN_TYPE = YES_ERROR;
				GCC_WARN_UNDECLARED_SELECTOR = YES;
				GCC_WARN_UNINITIALIZED_AUTOS = YES_AGGRESSIVE;
				GCC_WARN_UNUSED_FUNCTION = YES;
				GCC_WARN_UNUSED_VARIABLE = YES;
				IPHONEOS_DEPLOYMENT_TARGET = 11.1;
				MTL_ENABLE_DEBUG_INFO = YES;
				ONLY_ACTIVE_ARCH = YES;
				SDKROOT = iphoneos;
				SWIFT_ACTIVE_COMPILATION_CONDITIONS = DEBUG;
				SWIFT_OPTIMIZATION_LEVEL = "-Onone";
			};
			name = Debug;
		};
		A8FEF8961FC95011003E5828 /* Release */ = {
			isa = XCBuildConfiguration;
			buildSettings = {
				ALWAYS_SEARCH_USER_PATHS = NO;
				CLANG_ANALYZER_NONNULL = YES;
				CLANG_ANALYZER_NUMBER_OBJECT_CONVERSION = YES_AGGRESSIVE;
				CLANG_CXX_LANGUAGE_STANDARD = "gnu++14";
				CLANG_CXX_LIBRARY = "libc++";
				CLANG_ENABLE_MODULES = YES;
				CLANG_ENABLE_OBJC_ARC = YES;
				CLANG_WARN_BLOCK_CAPTURE_AUTORELEASING = YES;
				CLANG_WARN_BOOL_CONVERSION = YES;
				CLANG_WARN_COMMA = YES;
				CLANG_WARN_CONSTANT_CONVERSION = YES;
				CLANG_WARN_DIRECT_OBJC_ISA_USAGE = YES_ERROR;
				CLANG_WARN_DOCUMENTATION_COMMENTS = YES;
				CLANG_WARN_EMPTY_BODY = YES;
				CLANG_WARN_ENUM_CONVERSION = YES;
				CLANG_WARN_INFINITE_RECURSION = YES;
				CLANG_WARN_INT_CONVERSION = YES;
				CLANG_WARN_NON_LITERAL_NULL_CONVERSION = YES;
				CLANG_WARN_OBJC_LITERAL_CONVERSION = YES;
				CLANG_WARN_OBJC_ROOT_CLASS = YES_ERROR;
				CLANG_WARN_RANGE_LOOP_ANALYSIS = YES;
				CLANG_WARN_STRICT_PROTOTYPES = YES;
				CLANG_WARN_SUSPICIOUS_MOVE = YES;
				CLANG_WARN_UNGUARDED_AVAILABILITY = YES_AGGRESSIVE;
				CLANG_WARN_UNREACHABLE_CODE = YES;
				CLANG_WARN__DUPLICATE_METHOD_MATCH = YES;
				CODE_SIGN_IDENTITY = "iPhone Developer";
				COPY_PHASE_STRIP = NO;
				DEBUG_INFORMATION_FORMAT = "dwarf-with-dsym";
				ENABLE_NS_ASSERTIONS = NO;
				ENABLE_STRICT_OBJC_MSGSEND = YES;
				GCC_C_LANGUAGE_STANDARD = gnu11;
				GCC_NO_COMMON_BLOCKS = YES;
				GCC_WARN_64_TO_32_BIT_CONVERSION = YES;
				GCC_WARN_ABOUT_RETURN_TYPE = YES_ERROR;
				GCC_WARN_UNDECLARED_SELECTOR = YES;
				GCC_WARN_UNINITIALIZED_AUTOS = YES_AGGRESSIVE;
				GCC_WARN_UNUSED_FUNCTION = YES;
				GCC_WARN_UNUSED_VARIABLE = YES;
				IPHONEOS_DEPLOYMENT_TARGET = 11.1;
				MTL_ENABLE_DEBUG_INFO = NO;
				SDKROOT = iphoneos;
				SWIFT_OPTIMIZATION_LEVEL = "-Owholemodule";
				VALIDATE_PRODUCT = YES;
			};
			name = Release;
		};
		A8FEF8981FC95011003E5828 /* Debug */ = {
			isa = XCBuildConfiguration;
			baseConfigurationReference = 09D8F9D11731D7B69B6998DD /* Pods-NotUrgent.debug.xcconfig */;
			buildSettings = {
				ASSETCATALOG_COMPILER_APPICON_NAME = AppIcon;
				CODE_SIGN_STYLE = Automatic;
				DEVELOPMENT_TEAM = KG4ZLSV952;
				INFOPLIST_FILE = NotUrgent/Info.plist;
				LD_RUNPATH_SEARCH_PATHS = "$(inherited) @executable_path/Frameworks";
				PRODUCT_BUNDLE_IDENTIFIER = JackY.NotUrgent;
				PRODUCT_NAME = "$(TARGET_NAME)";
				SWIFT_VERSION = 4.0;
				TARGETED_DEVICE_FAMILY = "1,2";
			};
			name = Debug;
		};
		A8FEF8991FC95011003E5828 /* Release */ = {
			isa = XCBuildConfiguration;
			baseConfigurationReference = 16B6D9CEC1626FFB501D0CFF /* Pods-NotUrgent.release.xcconfig */;
			buildSettings = {
				ASSETCATALOG_COMPILER_APPICON_NAME = AppIcon;
				CODE_SIGN_STYLE = Automatic;
				DEVELOPMENT_TEAM = KG4ZLSV952;
				INFOPLIST_FILE = NotUrgent/Info.plist;
				LD_RUNPATH_SEARCH_PATHS = "$(inherited) @executable_path/Frameworks";
				PRODUCT_BUNDLE_IDENTIFIER = JackY.NotUrgent;
				PRODUCT_NAME = "$(TARGET_NAME)";
				SWIFT_VERSION = 4.0;
				TARGETED_DEVICE_FAMILY = "1,2";
			};
			name = Release;
		};
/* End XCBuildConfiguration section */

/* Begin XCConfigurationList section */
		A8FEF8801FC95011003E5828 /* Build configuration list for PBXProject "NotUrgent" */ = {
			isa = XCConfigurationList;
			buildConfigurations = (
				A8FEF8951FC95011003E5828 /* Debug */,
				A8FEF8961FC95011003E5828 /* Release */,
			);
			defaultConfigurationIsVisible = 0;
			defaultConfigurationName = Release;
		};
		A8FEF8971FC95011003E5828 /* Build configuration list for PBXNativeTarget "NotUrgent" */ = {
			isa = XCConfigurationList;
			buildConfigurations = (
				A8FEF8981FC95011003E5828 /* Debug */,
				A8FEF8991FC95011003E5828 /* Release */,
			);
			defaultConfigurationIsVisible = 0;
			defaultConfigurationName = Release;
		};
/* End XCConfigurationList section */
	};
	rootObject = A8FEF87D1FC95011003E5828 /* Project object */;
}
